# THIS IS AN AUTOGENERATED FILE. DO NOT EDIT THIS FILE DIRECTLY.
# yarn lockfile v1


react-native-draggable-flatlist@^2.6.2:
  version "2.6.2"
  resolved "https://registry.yarnpkg.com/react-native-draggable-flatlist/-/react-native-draggable-flatlist-2.6.2.tgz#d1445fd52e75bc4f4ebbd832a8bc4525cebb8302"
  integrity sha512-0IBS1lgw137FDaDLccUidHXYu/6PbnIO1R0IXYVfxtNOvhFLfJyGOY526vmO72Sf/ch9yayED4+DaQWGBOqNyw==
